{
  "name": "@padcom/tsconfig",
  "version": "0.0.2",
  "lockfileVersion": 3,
  "requires": true,
  "packages": {
    "": {
      "name": "@padcom/tsconfig",
      "version": "0.0.2",
      "dependencies": {
        "@vue/tsconfig": "^0.5.1"
      }
    },
    "node_modules/@vue/tsconfig": {
      "version": "0.5.1",
      "resolved": "https://registry.npmjs.org/@vue/tsconfig/-/tsconfig-0.5.1.tgz",
      "integrity": "sha512-VcZK7MvpjuTPx2w6blwnwZAu5/LgBUtejFOi3pPGQFXQN5Ela03FUtd2Qtg4yWGGissVL0dr6Ro1LfOFh+PCuQ=="
    }
  }
}
